# THIS IS AN AUTOGENERATED FILE. DO NOT EDIT THIS FILE DIRECTLY.
# yarn lockfile v1


nodemailer@^6.9.2:
  version "6.9.2"
  resolved "https://registry.yarnpkg.com/nodemailer/-/nodemailer-6.9.2.tgz#b79051811edd52c2436ad1c6aed2dc45b9c9cf1f"
  integrity sha512-4+TYaa/e1nIxQfyw/WzNPYTEZ5OvHIDEnmjs4LPmIfccPQN+2CYKmGHjWixn/chzD3bmUTu5FMfpltizMxqzdg==
